
Microsoft Visual Studio Solution File, Format Version 12.00
# Visual Studio Version 16
VisualStudioVersion = 16.0.30711.63
MinimumVisualStudioVersion = 10.0.40219.1
Project("{FAE04EC0-301F-11D3-BF4B-00C04F79EFBC}") = "VerificaCombustivel", "VerificaCombustivel\VerificaCombustivel.csproj", "{800109BD-C492-4F37-A3BE-E45F84161E73}"
EndProject
Global
	GlobalSection(SolutionConfigurationPlatforms) = preSolution
		Debug|Any CPU = Debug|Any CPU
		Release|Any CPU = Release|Any CPU
	EndGlobalSection
	GlobalSection(ProjectConfigurationPlatforms) = postSolution
		{800109BD-C492-4F37-A3BE-E45F84161E73}.Debug|Any CPU.ActiveCfg = Debug|Any CPU
		{800109BD-C492-4F37-A3BE-E45F84161E73}.Debug|Any CPU.Build.0 = Debug|Any CPU
		{800109BD-C492-4F37-A3BE-E45F84161E73}.Release|Any CPU.ActiveCfg = Release|Any CPU
		{800109BD-C492-4F37-A3BE-E45F84161E73}.Release|Any CPU.Build.0 = Release|Any CPU
	EndGlobalSection
	GlobalSection(SolutionProperties) = preSolution
		HideSolutionNode = FALSE
	EndGlobalSection
	GlobalSection(ExtensibilityGlobals) = postSolution
		SolutionGuid = {A10A9C90-0F5F-4B8B-9072-D041279A0807}
	EndGlobalSection
EndGlobal
